# This file was autogenerated by Stack.
# You should not edit this file by hand.
# For more information, please see the documentation at:
#   https://docs.haskellstack.org/en/stable/lock_files

packages:
- completed:
    hackage: lens-4.19.2@sha256:f0570ca0e4624d9daa57256f00f514e87be155401583fa1665faba47376c63a7,16053
    pantry-tree:
      size: 8330
      sha256: 97df1b96d825fb74400e75847e2a6ce2c37c9d1baeb71f5804a3a97694a4f881
  original:
    hackage: lens-4.19.2
- completed:
    hackage: gi-pangocairo-1.0.24@sha256:350b2088e04e4b899bd6daeffe61afcbf9ed3a751f7d7e5d90e5e50e45b2f284,3158
    pantry-tree:
      size: 370
      sha256: 4ea5fb37173383c88de2eb89e199da9f72fe09e57b4b14187d51a0e6014d0ff7
  original:
    hackage: gi-pangocairo-1.0.24
snapshots:
- completed:
    size: 532380
    url: https://raw.githubusercontent.com/commercialhaskell/stackage-snapshots/master/lts/16/15.yaml
    sha256: 3b5f2a699aa5ed3abbc30410062bf743926f0868ce3eeb5655370c6c6cc1a9f4
  original: lts-16.15
